
Microsoft Visual Studio Solution File, Format Version 12.00
# Visual Studio 15
VisualStudioVersion = 15.0.27130.2010
MinimumVisualStudioVersion = 10.0.40219.1
Project("{9A19103F-16F7-4668-BE54-9A1E7A4F7556}") = "NikNok", "NikNok\NikNok.csproj", "{810C7CA0-F86D-4A2F-9C2C-192F264B647D}"
EndProject
Global
	GlobalSection(SolutionConfigurationPlatforms) = preSolution
		Debug|Any CPU = Debug|Any CPU
		Release|Any CPU = Release|Any CPU
	EndGlobalSection
	GlobalSection(ProjectConfigurationPlatforms) = postSolution
		{810C7CA0-F86D-4A2F-9C2C-192F264B647D}.Debug|Any CPU.ActiveCfg = Debug|Any CPU
		{810C7CA0-F86D-4A2F-9C2C-192F264B647D}.Debug|Any CPU.Build.0 = Debug|Any CPU
		{810C7CA0-F86D-4A2F-9C2C-192F264B647D}.Release|Any CPU.ActiveCfg = Release|Any CPU
		{810C7CA0-F86D-4A2F-9C2C-192F264B647D}.Release|Any CPU.Build.0 = Release|Any CPU
	EndGlobalSection
	GlobalSection(SolutionProperties) = preSolution
		HideSolutionNode = FALSE
	EndGlobalSection
	GlobalSection(ExtensibilityGlobals) = postSolution
		SolutionGuid = {D3818777-0B8B-4CCF-93E9-22B5E2FEACC4}
	EndGlobalSection
EndGlobal
